<?xml version="1.0" encoding="utf-8"?>
<Project ToolsVersion="4.0" xmlns="http://schemas.microsoft.com/developer/msbuild/2003">
  <ItemGroup>
    <Filter Include="Исходные файлы">
      <UniqueIdentifier>{4FC737F1-C7A5-4376-A066-2A32D752A2FF}</UniqueIdentifier>
      <Extensions>cpp;c;cc;cxx;c++;cppm;ixx;def;odl;idl;hpj;bat;asm;asmx</Extensions>
    </Filter>
    <Filter Include="Файлы заголовков">
      <UniqueIdentifier>{93995380-89BD-4b04-88EB-625FBE52EBFB}</UniqueIdentifier>
      <Extensions>h;hh;hpp;hxx;h++;hm;inl;inc;ipp;xsd</Extensions>
    </Filter>
    <Filter Include="Файлы ресурсов">
      <UniqueIdentifier>{67DA6AB6-F800-4c08-8B7A-83BB121AAD01}</UniqueIdentifier>
      <Extensions>rc;ico;cur;bmp;dlg;rc2;rct;bin;rgs;gif;jpg;jpeg;jpe;resx;tiff;tif;png;wav;mfcribbon-ms</Extensions>
    </Filter>
  </ItemGroup>
  <ItemGroup>
    <ClCompile Include="lab4oop.cpp">
      <Filter>Исходные файлы</Filter>
    </ClCompile>
    <ClCompile Include="Point.cpp">
      <Filter>Исходные файлы</Filter>
    </ClCompile>
    <ClCompile Include="Camera.cpp">
      <Filter>Исходные файлы</Filter>
    </ClCompile>
    <ClCompile Include="Frame.cpp">
      <Filter>Исходные файлы</Filter>
    </ClCompile>
    <ClCompile Include="LicensePlate.cpp">
      <Filter>Исходные файлы</Filter>
    </ClCompile>
    <ClCompile Include="Vehicle.cpp">
      <Filter>Исходные файлы</Filter>
    </ClCompile>
    <ClCompile Include="PassengerCar.cpp">
      <Filter>Исходные файлы</Filter>
    </ClCompile>
    <ClCompile Include="Truck.cpp">
      <Filter>Исходные файлы</Filter>
    </ClCompile>
    <ClCompile Include="Bus.cpp">
      <Filter>Исходные файлы</Filter>
    </ClCompile>
    <ClCompile Include="Motorcycle.cpp">
      <Filter>Исходные файлы</Filter>
    </ClCompile>
    <ClCompile Include="Violation.cpp">
      <Filter>Исходные файлы</Filter>
    </ClCompile>
    <ClCompile Include="SpeedViolation.cpp">
      <Filter>Исходные файлы</Filter>
    </ClCompile>
    <ClCompile Include="RedLightViolation.cpp">
      <Filter>Исходные файлы</Filter>
    </ClCompile>
    <ClCompile Include="LineCrossViolation.cpp">
      <Filter>Исходные файлы</Filter>
    </ClCompile>
    <ClCompile Include="BusLaneViolation.cpp">
      <Filter>Исходные файлы</Filter>
    </ClCompile>
    <ClCompile Include="ControlZone.cpp">
      <Filter>Исходные файлы</Filter>
    </ClCompile>
    <ClCompile Include="SpeedRule.cpp">
      <Filter>Исходные файлы</Filter>
    </ClCompile>
    <ClCompile Include="TrafficLightRule.cpp">
      <Filter>Исходные файлы</Filter>
    </ClCompile>
    <ClCompile Include="LineCrossRule.cpp">
      <Filter>Исходные файлы</Filter>
    </ClCompile>
    <ClCompile Include="BusLaneRule.cpp">
      <Filter>Исходные файлы</Filter>
    </ClCompile>
    <ClCompile Include="Evidence.cpp">
      <Filter>Исходные файлы</Filter>
    </ClCompile>
    <ClCompile Include="Resolution.cpp">
      <Filter>Исходные файлы</Filter>
    </ClCompile>
    <ClCompile Include="EvidenceCollectorProxy.cpp">
      <Filter>Исходные файлы</Filter>
    </ClCompile>
    <ClCompile Include="ResolutionProxy.cpp">
      <Filter>Исходные файлы</Filter>
    </ClCompile>
    <ClCompile Include="VideoProcessor.cpp">
      <Filter>Исходные файлы</Filter>
    </ClCompile>
    <ClCompile Include="VideoProcessorProxy.cpp">
      <Filter>Исходные файлы</Filter>
    </ClCompile>
    <ClCompile Include="EvidenceCollector.cpp">
      <Filter>Исходные файлы</Filter>
    </ClCompile>
    <ClCompile Include="ResolutionGenerator.cpp">
      <Filter>Исходные файлы</Filter>
    </ClCompile>
  </ItemGroup>
  <ItemGroup>
    <ClInclude Include="Point.h">
      <Filter>Файлы заголовков</Filter>
    </ClInclude>
    <ClInclude Include="Camera.h">
      <Filter>Файлы заголовков</Filter>
    </ClInclude>
    <ClInclude Include="Frame.h">
      <Filter>Файлы заголовков</Filter>
    </ClInclude>
    <ClInclude Include="LicensePlate.h">
      <Filter>Файлы заголовков</Filter>
    </ClInclude>
    <ClInclude Include="Vehicle.h">
      <Filter>Файлы заголовков</Filter>
    </ClInclude>
    <ClInclude Include="PassengerCar.h">
      <Filter>Файлы заголовков</Filter>
    </ClInclude>
    <ClInclude Include="Truck.h">
      <Filter>Файлы заголовков</Filter>
    </ClInclude>
    <ClInclude Include="Bus.h">
      <Filter>Файлы заголовков</Filter>
    </ClInclude>
    <ClInclude Include="Motorcycle.h">
      <Filter>Файлы заголовков</Filter>
    </ClInclude>
    <ClInclude Include="Violation.h">
      <Filter>Файлы заголовков</Filter>
    </ClInclude>
    <ClInclude Include="SpeedViolation.h">
      <Filter>Файлы заголовков</Filter>
    </ClInclude>
    <ClInclude Include="RedLightViolation.h">
      <Filter>Файлы заголовков</Filter>
    </ClInclude>
    <ClInclude Include="LineCrossViolation.h">
      <Filter>Файлы заголовков</Filter>
    </ClInclude>
    <ClInclude Include="BusLaneViolation.h">
      <Filter>Файлы заголовков</Filter>
    </ClInclude>
    <ClInclude Include="Rule.h">
      <Filter>Файлы заголовков</Filter>
    </ClInclude>
    <ClInclude Include="ControlZone.h">
      <Filter>Файлы заголовков</Filter>
    </ClInclude>
    <ClInclude Include="SpeedRule.h">
      <Filter>Файлы заголовков</Filter>
    </ClInclude>
    <ClInclude Include="TrafficLightRule.h">
      <Filter>Файлы заголовков</Filter>
    </ClInclude>
    <ClInclude Include="LineCrossRule.h">
      <Filter>Файлы заголовков</Filter>
    </ClInclude>
    <ClInclude Include="BusLaneRule.h">
      <Filter>Файлы заголовков</Filter>
    </ClInclude>
    <ClInclude Include="Evidence.h">
      <Filter>Файлы заголовков</Filter>
    </ClInclude>
    <ClInclude Include="Resolution.h">
      <Filter>Файлы заголовков</Filter>
    </ClInclude>
    <ClInclude Include="EvidenceCollectorProxy.h">
      <Filter>Файлы заголовков</Filter>
    </ClInclude>
    <ClInclude Include="ResolutionProxy.h">
      <Filter>Файлы заголовков</Filter>
    </ClInclude>
    <ClInclude Include="VideoProcessor.h">
      <Filter>Файлы заголовков</Filter>
    </ClInclude>
    <ClInclude Include="VideoProcessorProxy.h">
      <Filter>Файлы заголовков</Filter>
    </ClInclude>
    <ClInclude Include="EvidenceCollector.h">
      <Filter>Файлы заголовков</Filter>
    </ClInclude>
    <ClInclude Include="ResolutionGenerator.h">
      <Filter>Файлы заголовков</Filter>
    </ClInclude>
    <ClInclude Include="FineRegistry.h">
      <Filter>Файлы заголовков</Filter>
    </ClInclude>
    <ClInclude Include="SystemClock.h">
      <Filter>Файлы заголовков</Filter>
    </ClInclude>
    <ClInclude Include="RuleCreator.h">
      <Filter>Файлы заголовков</Filter>
    </ClInclude>
    <ClInclude Include="SpeedRuleCreator.h">
      <Filter>Файлы заголовков</Filter>
    </ClInclude>
    <ClInclude Include="BusLaneRuleCreator.h">
      <Filter>Файлы заголовков</Filter>
    </ClInclude>
    <ClInclude Include="AbstractZoneFactory.h">
      <Filter>Файлы заголовков</Filter>
    </ClInclude>
    <ClInclude Include="StrictCityFactory.h">
      <Filter>Файлы заголовков</Filter>
    </ClInclude>
    <ClInclude Include="HighwayFactory.h">
      <Filter>Файлы заголовков</Filter>
    </ClInclude>
    <ClInclude Include="ClonableViolation.h">
      <Filter>Файлы заголовков</Filter>
    </ClInclude>
    <ClInclude Include="SpeedViolationWithClone.h">
      <Filter>Файлы заголовков</Filter>
    </ClInclude>
    <ClInclude Include="ControlZoneWithPrototype.h">
      <Filter>Файлы заголовков</Filter>
    </ClInclude>
    <ClInclude Include="FramePool.h">
      <Filter>Файлы заголовков</Filter>
    </ClInclude>
  </ItemGroup>
</Project>